
Microsoft Visual Studio Solution File, Format Version 12.00
# Visual Studio Version 17
VisualStudioVersion = 17.8.34330.188
MinimumVisualStudioVersion = 10.0.40219.1
Project("{FAE04EC0-301F-11D3-BF4B-00C04F79EFBC}") = "MVC_ASP.NET Core Learn", "MVC_ASP.NET Core Learn.csproj", "{4806A334-9C0C-4292-AB23-B6E40CD8E08B}"
EndProject
Global
	GlobalSection(SolutionConfigurationPlatforms) = preSolution
		Debug|Any CPU = Debug|Any CPU
		Release|Any CPU = Release|Any CPU
	EndGlobalSection
	GlobalSection(ProjectConfigurationPlatforms) = postSolution
		{4806A334-9C0C-4292-AB23-B6E40CD8E08B}.Debug|Any CPU.ActiveCfg = Debug|Any CPU
		{4806A334-9C0C-4292-AB23-B6E40CD8E08B}.Debug|Any CPU.Build.0 = Debug|Any CPU
		{4806A334-9C0C-4292-AB23-B6E40CD8E08B}.Release|Any CPU.ActiveCfg = Release|Any CPU
		{4806A334-9C0C-4292-AB23-B6E40CD8E08B}.Release|Any CPU.Build.0 = Release|Any CPU
	EndGlobalSection
	GlobalSection(SolutionProperties) = preSolution
		HideSolutionNode = FALSE
	EndGlobalSection
	GlobalSection(ExtensibilityGlobals) = postSolution
		SolutionGuid = {6B923640-0997-4201-A5E1-BD13221448E8}
	EndGlobalSection
EndGlobal
